// !$*UTF8*$!
{
	archiveVersion = 1;
	classes = {
	};
	objectVersion = 51;
	objects = {

/* Begin PBXBuildFile section */
		63A3CE7CD4FC0CCD0333F867 /* Pods_Assignment_Two.framework in Frameworks */ = {isa = PBXBuildFile; fileRef = E7DE9A4430C3A45320910A5E /* Pods_Assignment_Two.framework */; };
		8E0A956625B6767B0025461E /* CKTaskViewController.swift in Sources */ = {isa = PBXBuildFile; fileRef = 8E0A956525B6767B0025461E /* CKTaskViewController.swift */; };
		8E0A956925B677950025461E /* RKTaskSamples.swift in Sources */ = {isa = PBXBuildFile; fileRef = 8E0A956825B677950025461E /* RKTaskSamples.swift */; };
		8E35408925B8FE3A007B7029 /* SurveyView.swift in Sources */ = {isa = PBXBuildFile; fileRef = 8E35408825B8FE3A007B7029 /* SurveyView.swift */; };
		8E35408D25B8FFC9007B7029 /* RoundedTextView.swift in Sources */ = {isa = PBXBuildFile; fileRef = 8E35408C25B8FFC9007B7029 /* RoundedTextView.swift */; };
		8E35409625B90E80007B7029 /* ORKESerialization.m in Sources */ = {isa = PBXBuildFile; fileRef = 8E35409425B90E80007B7029 /* ORKESerialization.m */; };
		8E35409925B90F1B007B7029 /* RKTaskDelegate.swift in Sources */ = {isa = PBXBuildFile; fileRef = 8E35409825B90F1B007B7029 /* RKTaskDelegate.swift */; };
		8E35409D25B90F7A007B7029 /* CKStudyUser.swift in Sources */ = {isa = PBXBuildFile; fileRef = 8E35409C25B90F7A007B7029 /* CKStudyUser.swift */; };
		8E8775DD25B8F8B800AB350A /* HeaderView.swift in Sources */ = {isa = PBXBuildFile; fileRef = 8E8775DC25B8F8B800AB350A /* HeaderView.swift */; };
		8EF8F77B2597C7DE000850BF /* Assignment_TwoApp.swift in Sources */ = {isa = PBXBuildFile; fileRef = 8EF8F77A2597C7DE000850BF /* Assignment_TwoApp.swift */; };
		8EF8F77D2597C7DE000850BF /* ContentView.swift in Sources */ = {isa = PBXBuildFile; fileRef = 8EF8F77C2597C7DE000850BF /* ContentView.swift */; };
		8EF8F77F2597C7E1000850BF /* Assets.xcassets in Resources */ = {isa = PBXBuildFile; fileRef = 8EF8F77E2597C7E1000850BF /* Assets.xcassets */; };
		8EF8F7822597C7E1000850BF /* Preview Assets.xcassets in Resources */ = {isa = PBXBuildFile; fileRef = 8EF8F7812597C7E1000850BF /* Preview Assets.xcassets */; };
		DA9EF2B325C0F59300FEFD4F /* GoogleService-Info.plist in Resources */ = {isa = PBXBuildFile; fileRef = DA9EF2B225C0F59200FEFD4F /* GoogleService-Info.plist */; };
/* End PBXBuildFile section */

/* Begin PBXFileReference section */
		4483BDF88A5E2878F34C059F /* Pods-Assignment Two.release.xcconfig */ = {isa = PBXFileReference; includeInIndex = 1; lastKnownFileType = text.xcconfig; name = "Pods-Assignment Two.release.xcconfig"; path = "Target Support Files/Pods-Assignment Two/Pods-Assignment Two.release.xcconfig"; sourceTree = "<group>"; };
		8E0A956525B6767B0025461E /* CKTaskViewController.swift */ = {isa = PBXFileReference; lastKnownFileType = sourcecode.swift; path = CKTaskViewController.swift; sourceTree = "<group>"; };
		8E0A956825B677950025461E /* RKTaskSamples.swift */ = {isa = PBXFileReference; lastKnownFileType = sourcecode.swift; path = RKTaskSamples.swift; sourceTree = "<group>"; };
		8E35408825B8FE3A007B7029 /* SurveyView.swift */ = {isa = PBXFileReference; lastKnownFileType = sourcecode.swift; path = SurveyView.swift; sourceTree = "<group>"; };
		8E35408C25B8FFC9007B7029 /* RoundedTextView.swift */ = {isa = PBXFileReference; lastKnownFileType = sourcecode.swift; path = RoundedTextView.swift; sourceTree = "<group>"; };
		8E35409325B90E7F007B7029 /* Assignment Two-Bridging-Header.h */ = {isa = PBXFileReference; lastKnownFileType = sourcecode.c.h; path = "Assignment Two-Bridging-Header.h"; sourceTree = "<group>"; };
		8E35409425B90E80007B7029 /* ORKESerialization.m */ = {isa = PBXFileReference; fileEncoding = 4; lastKnownFileType = sourcecode.c.objc; path = ORKESerialization.m; sourceTree = "<group>"; };
		8E35409525B90E80007B7029 /* ORKESerialization.h */ = {isa = PBXFileReference; fileEncoding = 4; lastKnownFileType = sourcecode.c.h; path = ORKESerialization.h; sourceTree = "<group>"; };
		8E35409825B90F1B007B7029 /* RKTaskDelegate.swift */ = {isa = PBXFileReference; lastKnownFileType = sourcecode.swift; path = RKTaskDelegate.swift; sourceTree = "<group>"; };
		8E35409C25B90F7A007B7029 /* CKStudyUser.swift */ = {isa = PBXFileReference; lastKnownFileType = sourcecode.swift; path = CKStudyUser.swift; sourceTree = "<group>"; };
		8E6331D22F9FEAF76DB5DABA /* Pods-Assignment Two.debug.xcconfig */ = {isa = PBXFileReference; includeInIndex = 1; lastKnownFileType = text.xcconfig; name = "Pods-Assignment Two.debug.xcconfig"; path = "Target Support Files/Pods-Assignment Two/Pods-Assignment Two.debug.xcconfig"; sourceTree = "<group>"; };
		8E8775DC25B8F8B800AB350A /* HeaderView.swift */ = {isa = PBXFileReference; lastKnownFileType = sourcecode.swift; path = HeaderView.swift; sourceTree = "<group>"; };
		8EF8F7772597C7DE000850BF /* Assignment Two.app */ = {isa = PBXFileReference; explicitFileType = wrapper.application; includeInIndex = 0; path = "Assignment Two.app"; sourceTree = BUILT_PRODUCTS_DIR; };
		8EF8F77A2597C7DE000850BF /* Assignment_TwoApp.swift */ = {isa = PBXFileReference; lastKnownFileType = sourcecode.swift; path = Assignment_TwoApp.swift; sourceTree = "<group>"; };
		8EF8F77C2597C7DE000850BF /* ContentView.swift */ = {isa = PBXFileReference; lastKnownFileType = sourcecode.swift; path = ContentView.swift; sourceTree = "<group>"; };
		8EF8F77E2597C7E1000850BF /* Assets.xcassets */ = {isa = PBXFileReference; lastKnownFileType = folder.assetcatalog; path = Assets.xcassets; sourceTree = "<group>"; };
		8EF8F7812597C7E1000850BF /* Preview Assets.xcassets */ = {isa = PBXFileReference; lastKnownFileType = folder.assetcatalog; path = "Preview Assets.xcassets"; sourceTree = "<group>"; };
		8EF8F7832597C7E1000850BF /* Info.plist */ = {isa = PBXFileReference; lastKnownFileType = text.plist.xml; path = Info.plist; sourceTree = "<group>"; };
		B6D8F06825C6B4B700FF31DB /* GoogleService-Info.plist */ = {isa = PBXFileReference; fileEncoding = 4; lastKnownFileType = text.plist; name = "GoogleService-Info.plist"; path = "../../../../../Downloads/GoogleService-Info.plist"; sourceTree = "<group>"; };
		E7DE9A4430C3A45320910A5E /* Pods_Assignment_Two.framework */ = {isa = PBXFileReference; explicitFileType = wrapper.framework; includeInIndex = 0; path = Pods_Assignment_Two.framework; sourceTree = BUILT_PRODUCTS_DIR; };
/* End PBXFileReference section */

/* Begin PBXFrameworksBuildPhase section */
		8EF8F7742597C7DE000850BF /* Frameworks */ = {
			isa = PBXFrameworksBuildPhase;
			buildActionMask = 2147483647;
			files = (
				63A3CE7CD4FC0CCD0333F867 /* Pods_Assignment_Two.framework in Frameworks */,
			);
			runOnlyForDeploymentPostprocessing = 0;
		};
/* End PBXFrameworksBuildPhase section */

/* Begin PBXGroup section */
		8E0A956325B676430025461E /* Supporting Files */ = {
			isa = PBXGroup;
			children = (
				8E3540A425B91593007B7029 /* Firebase */,
				8E3540A325B9158A007B7029 /* ResearchKit */,
				8EF8F77E2597C7E1000850BF /* Assets.xcassets */,
				B6D8F06825C6B4B700FF31DB /* GoogleService-Info.plist */,
				8EF8F7832597C7E1000850BF /* Info.plist */,
				8E35409325B90E7F007B7029 /* Assignment Two-Bridging-Header.h */,
			);
			path = "Supporting Files";
			sourceTree = "<group>";
		};
		8E35408B25B8FEF2007B7029 /* Views */ = {
			isa = PBXGroup;
			children = (
				8EF8F77C2597C7DE000850BF /* ContentView.swift */,
				8E8775DC25B8F8B800AB350A /* HeaderView.swift */,
				8E35408825B8FE3A007B7029 /* SurveyView.swift */,
				8E35408C25B8FFC9007B7029 /* RoundedTextView.swift */,
			);
			path = Views;
			sourceTree = "<group>";
		};
		8E3540A325B9158A007B7029 /* ResearchKit */ = {
			isa = PBXGroup;
			children = (
				8E35409525B90E80007B7029 /* ORKESerialization.h */,
				8E35409425B90E80007B7029 /* ORKESerialization.m */,
			);
			path = ResearchKit;
			sourceTree = "<group>";
		};
		8E3540A425B91593007B7029 /* Firebase */ = {
			isa = PBXGroup;
			children = (
				8E0A956525B6767B0025461E /* CKTaskViewController.swift */,
				8E35409C25B90F7A007B7029 /* CKStudyUser.swift */,
			);
			path = Firebase;
			sourceTree = "<group>";
		};
		8EF8F76E2597C7DE000850BF = {
			isa = PBXGroup;
			children = (
				8EF8F7792597C7DE000850BF /* Assignment Two */,
				8EF8F7782597C7DE000850BF /* Products */,
				BC78C6756808D892DF11E798 /* Pods */,
				EF3CCD21544FA6CAC5E8D550 /* Frameworks */,
			);
			sourceTree = "<group>";
		};
		8EF8F7782597C7DE000850BF /* Products */ = {
			isa = PBXGroup;
			children = (
				8EF8F7772597C7DE000850BF /* Assignment Two.app */,
			);
			name = Products;
			sourceTree = "<group>";
		};
		8EF8F7792597C7DE000850BF /* Assignment Two */ = {
			isa = PBXGroup;
			children = (
				8EF8F7802597C7E1000850BF /* Preview Content */,
				8E0A956325B676430025461E /* Supporting Files */,
				8E35408B25B8FEF2007B7029 /* Views */,
				8EF8F77A2597C7DE000850BF /* Assignment_TwoApp.swift */,
				8E35409825B90F1B007B7029 /* RKTaskDelegate.swift */,
				8E0A956825B677950025461E /* RKTaskSamples.swift */,
				DA9EF2B225C0F59200FEFD4F /* GoogleService-Info.plist */,
			);
			path = "Assignment Two";
			sourceTree = "<group>";
		};
		8EF8F7802597C7E1000850BF /* Preview Content */ = {
			isa = PBXGroup;
			children = (
				8EF8F7812597C7E1000850BF /* Preview Assets.xcassets */,
			);
			path = "Preview Content";
			sourceTree = "<group>";
		};
		BC78C6756808D892DF11E798 /* Pods */ = {
			isa = PBXGroup;
			children = (
				8E6331D22F9FEAF76DB5DABA /* Pods-Assignment Two.debug.xcconfig */,
				4483BDF88A5E2878F34C059F /* Pods-Assignment Two.release.xcconfig */,
			);
			path = Pods;
			sourceTree = "<group>";
		};
		EF3CCD21544FA6CAC5E8D550 /* Frameworks */ = {
			isa = PBXGroup;
			children = (
				E7DE9A4430C3A45320910A5E /* Pods_Assignment_Two.framework */,
			);
			name = Frameworks;
			sourceTree = "<group>";
		};
/* End PBXGroup section */

/* Begin PBXNativeTarget section */
		8EF8F7762597C7DE000850BF /* Assignment Two */ = {
			isa = PBXNativeTarget;
			buildConfigurationList = 8EF8F7862597C7E1000850BF /* Build configuration list for PBXNativeTarget "Assignment Two" */;
			buildPhases = (
				24C1561C421F50994A6957EC /* [CP] Check Pods Manifest.lock */,
				8EF8F7732597C7DE000850BF /* Sources */,
				8EF8F7742597C7DE000850BF /* Frameworks */,
				8EF8F7752597C7DE000850BF /* Resources */,
				AF4E541A4D9BF70AFAE937E6 /* [CP] Embed Pods Frameworks */,
			);
			buildRules = (
			);
			dependencies = (
			);
			name = "Assignment Two";
			productName = "Assignment Two";
			productReference = 8EF8F7772597C7DE000850BF /* Assignment Two.app */;
			productType = "com.apple.product-type.application";
		};
/* End PBXNativeTarget section */

/* Begin PBXProject section */
		8EF8F76F2597C7DE000850BF /* Project object */ = {
			isa = PBXProject;
			attributes = {
				LastSwiftUpdateCheck = 1230;
				LastUpgradeCheck = 1230;
				TargetAttributes = {
					8EF8F7762597C7DE000850BF = {
						CreatedOnToolsVersion = 12.3;
						LastSwiftMigration = 1230;
					};
				};
			};
			buildConfigurationList = 8EF8F7722597C7DE000850BF /* Build configuration list for PBXProject "Assignment Two" */;
			compatibilityVersion = "Xcode 9.3";
			developmentRegion = en;
			hasScannedForEncodings = 0;
			knownRegions = (
				en,
				Base,
			);
			mainGroup = 8EF8F76E2597C7DE000850BF;
			productRefGroup = 8EF8F7782597C7DE000850BF /* Products */;
			projectDirPath = "";
			projectRoot = "";
			targets = (
				8EF8F7762597C7DE000850BF /* Assignment Two */,
			);
		};
/* End PBXProject section */

/* Begin PBXResourcesBuildPhase section */
		8EF8F7752597C7DE000850BF /* Resources */ = {
			isa = PBXResourcesBuildPhase;
			buildActionMask = 2147483647;
			files = (
				8EF8F7822597C7E1000850BF /* Preview Assets.xcassets in Resources */,
				DA9EF2B325C0F59300FEFD4F /* GoogleService-Info.plist in Resources */,
				8EF8F77F2597C7E1000850BF /* Assets.xcassets in Resources */,
				B6D8F06925C6B4B700FF31DB /* GoogleService-Info.plist in Resources */,
			);
			runOnlyForDeploymentPostprocessing = 0;
		};
/* End PBXResourcesBuildPhase section */

/* Begin PBXShellScriptBuildPhase section */
		24C1561C421F50994A6957EC /* [CP] Check Pods Manifest.lock */ = {
			isa = PBXShellScriptBuildPhase;
			buildActionMask = 2147483647;
			files = (
			);
			inputFileListPaths = (
			);
			inputPaths = (
				"${PODS_PODFILE_DIR_PATH}/Podfile.lock",
				"${PODS_ROOT}/Manifest.lock",
			);
			name = "[CP] Check Pods Manifest.lock";
			outputFileListPaths = (
			);
			outputPaths = (
				"$(DERIVED_FILE_DIR)/Pods-Assignment Two-checkManifestLockResult.txt",
			);
			runOnlyForDeploymentPostprocessing = 0;
			shellPath = /bin/sh;
			shellScript = "diff \"${PODS_PODFILE_DIR_PATH}/Podfile.lock\" \"${PODS_ROOT}/Manifest.lock\" > /dev/null\nif [ $? != 0 ] ; then\n    # print error to STDERR\n    echo \"error: The sandbox is not in sync with the Podfile.lock. Run 'pod install' or update your CocoaPods installation.\" >&2\n    exit 1\nfi\n# This output is used by Xcode 'outputs' to avoid re-running this script phase.\necho \"SUCCESS\" > \"${SCRIPT_OUTPUT_FILE_0}\"\n";
			showEnvVarsInLog = 0;
		};
		AF4E541A4D9BF70AFAE937E6 /* [CP] Embed Pods Frameworks */ = {
			isa = PBXShellScriptBuildPhase;
			buildActionMask = 2147483647;
			files = (
			);
			inputFileListPaths = (
				"${PODS_ROOT}/Target Support Files/Pods-Assignment Two/Pods-Assignment Two-frameworks-${CONFIGURATION}-input-files.xcfilelist",
			);
			name = "[CP] Embed Pods Frameworks";
			outputFileListPaths = (
				"${PODS_ROOT}/Target Support Files/Pods-Assignment Two/Pods-Assignment Two-frameworks-${CONFIGURATION}-output-files.xcfilelist",
			);
			runOnlyForDeploymentPostprocessing = 0;
			shellPath = /bin/sh;
			shellScript = "\"${PODS_ROOT}/Target Support Files/Pods-Assignment Two/Pods-Assignment Two-frameworks.sh\"\n";
			showEnvVarsInLog = 0;
		};
/* End PBXShellScriptBuildPhase section */

/* Begin PBXSourcesBuildPhase section */
		8EF8F7732597C7DE000850BF /* Sources */ = {
			isa = PBXSourcesBuildPhase;
			buildActionMask = 2147483647;
			files = (
				8E8775DD25B8F8B800AB350A /* HeaderView.swift in Sources */,
				8E0A956925B677950025461E /* RKTaskSamples.swift in Sources */,
				8E35409D25B90F7A007B7029 /* CKStudyUser.swift in Sources */,
				8E35408925B8FE3A007B7029 /* SurveyView.swift in Sources */,
				8EF8F77D2597C7DE000850BF /* ContentView.swift in Sources */,
				8E35408D25B8FFC9007B7029 /* RoundedTextView.swift in Sources */,
				8E35409625B90E80007B7029 /* ORKESerialization.m in Sources */,
				8E0A956625B6767B0025461E /* CKTaskViewController.swift in Sources */,
				8EF8F77B2597C7DE000850BF /* Assignment_TwoApp.swift in Sources */,
				8E35409925B90F1B007B7029 /* RKTaskDelegate.swift in Sources */,
			);
			runOnlyForDeploymentPostprocessing = 0;
		};
/* End PBXSourcesBuildPhase section */

/* Begin XCBuildConfiguration section */
		8EF8F7842597C7E1000850BF /* Debug */ = {
			isa = XCBuildConfiguration;
			buildSettings = {
				ALWAYS_SEARCH_USER_PATHS = NO;
				CLANG_ANALYZER_NONNULL = YES;
				CLANG_ANALYZER_NUMBER_OBJECT_CONVERSION = YES_AGGRESSIVE;
				CLANG_CXX_LANGUAGE_STANDARD = "gnu++14";
				CLANG_CXX_LIBRARY = "libc++";
				CLANG_ENABLE_MODULES = YES;
				CLANG_ENABLE_OBJC_ARC = YES;
				CLANG_ENABLE_OBJC_WEAK = YES;
				CLANG_WARN_BLOCK_CAPTURE_AUTORELEASING = YES;
				CLANG_WARN_BOOL_CONVERSION = YES;
				CLANG_WARN_COMMA = YES;
				CLANG_WARN_CONSTANT_CONVERSION = YES;
				CLANG_WARN_DEPRECATED_OBJC_IMPLEMENTATIONS = YES;
				CLANG_WARN_DIRECT_OBJC_ISA_USAGE = YES_ERROR;
				CLANG_WARN_DOCUMENTATION_COMMENTS = YES;
				CLANG_WARN_EMPTY_BODY = YES;
				CLANG_WARN_ENUM_CONVERSION = YES;
				CLANG_WARN_INFINITE_RECURSION = YES;
				CLANG_WARN_INT_CONVERSION = YES;
				CLANG_WARN_NON_LITERAL_NULL_CONVERSION = YES;
				CLANG_WARN_OBJC_IMPLICIT_RETAIN_SELF = YES;
				CLANG_WARN_OBJC_LITERAL_CONVERSION = YES;
				CLANG_WARN_OBJC_ROOT_CLASS = YES_ERROR;
				CLANG_WARN_QUOTED_INCLUDE_IN_FRAMEWORK_HEADER = YES;
				CLANG_WARN_RANGE_LOOP_ANALYSIS = YES;
				CLANG_WARN_STRICT_PROTOTYPES = YES;
				CLANG_WARN_SUSPICIOUS_MOVE = YES;
				CLANG_WARN_UNGUARDED_AVAILABILITY = YES_AGGRESSIVE;
				CLANG_WARN_UNREACHABLE_CODE = YES;
				CLANG_WARN__DUPLICATE_METHOD_MATCH = YES;
				COPY_PHASE_STRIP = NO;
				DEBUG_INFORMATION_FORMAT = dwarf;
				ENABLE_STRICT_OBJC_MSGSEND = YES;
				ENABLE_TESTABILITY = YES;
				GCC_C_LANGUAGE_STANDARD = gnu11;
				GCC_DYNAMIC_NO_PIC = NO;
				GCC_NO_COMMON_BLOCKS = YES;
				GCC_OPTIMIZATION_LEVEL = 0;
				GCC_PREPROCESSOR_DEFINITIONS = (
					"DEBUG=1",
					"$(inherited)",
				);
				GCC_WARN_64_TO_32_BIT_CONVERSION = YES;
				GCC_WARN_ABOUT_RETURN_TYPE = YES_ERROR;
				GCC_WARN_UNDECLARED_SELECTOR = YES;
				GCC_WARN_UNINITIALIZED_AUTOS = YES_AGGRESSIVE;
				GCC_WARN_UNUSED_FUNCTION = YES;
				GCC_WARN_UNUSED_VARIABLE = YES;
				IPHONEOS_DEPLOYMENT_TARGET = 14.3;
				MTL_ENABLE_DEBUG_INFO = INCLUDE_SOURCE;
				MTL_FAST_MATH = YES;
				ONLY_ACTIVE_ARCH = YES;
				SDKROOT = iphoneos;
				SWIFT_ACTIVE_COMPILATION_CONDITIONS = DEBUG;
				SWIFT_OPTIMIZATION_LEVEL = "-Onone";
			};
			name = Debug;
		};
		8EF8F7852597C7E1000850BF /* Release */ = {
			isa = XCBuildConfiguration;
			buildSettings = {
				ALWAYS_SEARCH_USER_PATHS = NO;
				CLANG_ANALYZER_NONNULL = YES;
				CLANG_ANALYZER_NUMBER_OBJECT_CONVERSION = YES_AGGRESSIVE;
				CLANG_CXX_LANGUAGE_STANDARD = "gnu++14";
				CLANG_CXX_LIBRARY = "libc++";
				CLANG_ENABLE_MODULES = YES;
				CLANG_ENABLE_OBJC_ARC = YES;
				CLANG_ENABLE_OBJC_WEAK = YES;
				CLANG_WARN_BLOCK_CAPTURE_AUTORELEASING = YES;
				CLANG_WARN_BOOL_CONVERSION = YES;
				CLANG_WARN_COMMA = YES;
				CLANG_WARN_CONSTANT_CONVERSION = YES;
				CLANG_WARN_DEPRECATED_OBJC_IMPLEMENTATIONS = YES;
				CLANG_WARN_DIRECT_OBJC_ISA_USAGE = YES_ERROR;
				CLANG_WARN_DOCUMENTATION_COMMENTS = YES;
				CLANG_WARN_EMPTY_BODY = YES;
				CLANG_WARN_ENUM_CONVERSION = YES;
				CLANG_WARN_INFINITE_RECURSION = YES;
				CLANG_WARN_INT_CONVERSION = YES;
				CLANG_WARN_NON_LITERAL_NULL_CONVERSION = YES;
				CLANG_WARN_OBJC_IMPLICIT_RETAIN_SELF = YES;
				CLANG_WARN_OBJC_LITERAL_CONVERSION = YES;
				CLANG_WARN_OBJC_ROOT_CLASS = YES_ERROR;
				CLANG_WARN_QUOTED_INCLUDE_IN_FRAMEWORK_HEADER = YES;
				CLANG_WARN_RANGE_LOOP_ANALYSIS = YES;
				CLANG_WARN_STRICT_PROTOTYPES = YES;
				CLANG_WARN_SUSPICIOUS_MOVE = YES;
				CLANG_WARN_UNGUARDED_AVAILABILITY = YES_AGGRESSIVE;
				CLANG_WARN_UNREACHABLE_CODE = YES;
				CLANG_WARN__DUPLICATE_METHOD_MATCH = YES;
				COPY_PHASE_STRIP = NO;
				DEBUG_INFORMATION_FORMAT = "dwarf-with-dsym";
				ENABLE_NS_ASSERTIONS = NO;
				ENABLE_STRICT_OBJC_MSGSEND = YES;
				GCC_C_LANGUAGE_STANDARD = gnu11;
				GCC_NO_COMMON_BLOCKS = YES;
				GCC_WARN_64_TO_32_BIT_CONVERSION = YES;
				GCC_WARN_ABOUT_RETURN_TYPE = YES_ERROR;
				GCC_WARN_UNDECLARED_SELECTOR = YES;
				GCC_WARN_UNINITIALIZED_AUTOS = YES_AGGRESSIVE;
				GCC_WARN_UNUSED_FUNCTION = YES;
				GCC_WARN_UNUSED_VARIABLE = YES;
				IPHONEOS_DEPLOYMENT_TARGET = 14.3;
				MTL_ENABLE_DEBUG_INFO = NO;
				MTL_FAST_MATH = YES;
				SDKROOT = iphoneos;
				SWIFT_COMPILATION_MODE = wholemodule;
				SWIFT_OPTIMIZATION_LEVEL = "-O";
				VALIDATE_PRODUCT = YES;
			};
			name = Release;
		};
		8EF8F7872597C7E1000850BF /* Debug */ = {
			isa = XCBuildConfiguration;
			baseConfigurationReference = 8E6331D22F9FEAF76DB5DABA /* Pods-Assignment Two.debug.xcconfig */;
			buildSettings = {
				ASSETCATALOG_COMPILER_APPICON_NAME = AppIcon;
				ASSETCATALOG_COMPILER_GLOBAL_ACCENT_COLOR_NAME = AccentColor;
				CLANG_ENABLE_MODULES = YES;
				CODE_SIGN_STYLE = Automatic;
				DEVELOPMENT_ASSET_PATHS = "\"Assignment Two/Preview Content\"";
				DEVELOPMENT_TEAM = FJCDP5WFVN;
				ENABLE_PREVIEWS = YES;
				INFOPLIST_FILE = "Assignment Two/Supporting Files/Info.plist";
				IPHONEOS_DEPLOYMENT_TARGET = 14.0;
				LD_RUNPATH_SEARCH_PATHS = (
					"$(inherited)",
					"@executable_path/Frameworks",
				);
				PRODUCT_BUNDLE_IDENTIFIER = edu.stanford.cs342.342a2ksj;
				PRODUCT_NAME = "$(TARGET_NAME)";
				SWIFT_OBJC_BRIDGING_HEADER = "Assignment Two/Supporting Files/Assignment Two-Bridging-Header.h";
				SWIFT_OPTIMIZATION_LEVEL = "-Onone";
				SWIFT_VERSION = 5.0;
				TARGETED_DEVICE_FAMILY = "1,2";
			};
			name = Debug;
		};
		8EF8F7882597C7E1000850BF /* Release */ = {
			isa = XCBuildConfiguration;
			baseConfigurationReference = 4483BDF88A5E2878F34C059F /* Pods-Assignment Two.release.xcconfig */;
			buildSettings = {
				ASSETCATALOG_COMPILER_APPICON_NAME = AppIcon;
				ASSETCATALOG_COMPILER_GLOBAL_ACCENT_COLOR_NAME = AccentColor;
				CLANG_ENABLE_MODULES = YES;
				CODE_SIGN_STYLE = Automatic;
				DEVELOPMENT_ASSET_PATHS = "\"Assignment Two/Preview Content\"";
				DEVELOPMENT_TEAM = FJCDP5WFVN;
				ENABLE_PREVIEWS = YES;
				INFOPLIST_FILE = "Assignment Two/Supporting Files/Info.plist";
				IPHONEOS_DEPLOYMENT_TARGET = 14.0;
				LD_RUNPATH_SEARCH_PATHS = (
					"$(inherited)",
					"@executable_path/Frameworks",
				);
				PRODUCT_BUNDLE_IDENTIFIER = edu.stanford.cs342.342a2ksj;
				PRODUCT_NAME = "$(TARGET_NAME)";
				SWIFT_OBJC_BRIDGING_HEADER = "Assignment Two/Supporting Files/Assignment Two-Bridging-Header.h";
				SWIFT_VERSION = 5.0;
				TARGETED_DEVICE_FAMILY = "1,2";
			};
			name = Release;
		};
/* End XCBuildConfiguration section */

/* Begin XCConfigurationList section */
		8EF8F7722597C7DE000850BF /* Build configuration list for PBXProject "Assignment Two" */ = {
			isa = XCConfigurationList;
			buildConfigurations = (
				8EF8F7842597C7E1000850BF /* Debug */,
				8EF8F7852597C7E1000850BF /* Release */,
			);
			defaultConfigurationIsVisible = 0;
			defaultConfigurationName = Release;
		};
		8EF8F7862597C7E1000850BF /* Build configuration list for PBXNativeTarget "Assignment Two" */ = {
			isa = XCConfigurationList;
			buildConfigurations = (
				8EF8F7872597C7E1000850BF /* Debug */,
				8EF8F7882597C7E1000850BF /* Release */,
			);
			defaultConfigurationIsVisible = 0;
			defaultConfigurationName = Release;
		};
/* End XCConfigurationList section */
	};
	rootObject = 8EF8F76F2597C7DE000850BF /* Project object */;
}
